<?xml version="1.0" encoding="utf-8"?>
<Project ToolsVersion="4.0" xmlns="http://schemas.microsoft.com/developer/msbuild/2003">
  <ItemGroup>
    <Filter Include="Source Files">
      <UniqueIdentifier>{4FC737F1-C7A5-4376-A066-2A32D752A2FF}</UniqueIdentifier>
      <Extensions>cpp;c;cc;cxx;def;odl;idl;hpj;bat;asm;asmx</Extensions>
    </Filter>
    <Filter Include="Header Files">
      <UniqueIdentifier>{93995380-89BD-4b04-88EB-625FBE52EBFB}</UniqueIdentifier>
      <Extensions>h;hh;hpp;hxx;hm;inl;inc;xsd</Extensions>
    </Filter>
    <Filter Include="Resource Files">
      <UniqueIdentifier>{67DA6AB6-F800-4c08-8B7A-83BB121AAD01}</UniqueIdentifier>
      <Extensions>rc;ico;cur;bmp;dlg;rc2;rct;bin;rgs;gif;jpg;jpeg;jpe;resx;tiff;tif;png;wav;mfcribbon-ms</Extensions>
    </Filter>
  </ItemGroup>
  <ItemGroup>
    <ClCompile Include="Util\NetUtil.cpp">
      <Filter>Source Files</Filter>
    </ClCompile>
    <ClCompile Include="Core\Socket.cpp">
      <Filter>Source Files</Filter>
    </ClCompile>
    <ClCompile Include="Core\TcpClient.cpp">
      <Filter>Source Files</Filter>
    </ClCompile>
    <ClCompile Include="Core\Buffer.cpp">
      <Filter>Source Files</Filter>
    </ClCompile>
    <ClCompile Include="Core\StMain.cpp">
      <Filter>Source Files</Filter>
    </ClCompile>
    <ClCompile Include="Util\Log.cpp">
      <Filter>Source Files</Filter>
    </ClCompile>
    <ClCompile Include="Event\EpollModule.cpp">
      <Filter>Source Files</Filter>
    </ClCompile>
    <ClCompile Include="Event\EventModule.cpp">
      <Filter>Source Files</Filter>
    </ClCompile>
    <ClCompile Include="Util\Misc.cpp">
      <Filter>Source Files</Filter>
    </ClCompile>
    <ClCompile Include="Util\cfg_reader.cpp">
      <Filter>Source Files</Filter>
    </ClCompile>
    <ClCompile Include="Util\Config.cpp">
      <Filter>Source Files</Filter>
    </ClCompile>
    <ClCompile Include="Event\IocpModule.cpp">
      <Filter>Source Files</Filter>
    </ClCompile>
    <ClCompile Include="Common\Platform.cpp">
      <Filter>Source Files</Filter>
    </ClCompile>
    <ClCompile Include="Event\Channel.cpp">
      <Filter>Source Files</Filter>
    </ClCompile>
    <ClCompile Include="Event\EventLoop.cpp">
      <Filter>Source Files</Filter>
    </ClCompile>
    <ClCompile Include="Core\Listener.cpp">
      <Filter>Source Files</Filter>
    </ClCompile>
    <ClCompile Include="Core\TcpConnection.cpp">
      <Filter>Source Files</Filter>
    </ClCompile>
    <ClCompile Include="Core\TcpServer.cpp">
      <Filter>Source Files</Filter>
    </ClCompile>
    <ClCompile Include="Core\TcpSession.cpp">
      <Filter>Source Files</Filter>
    </ClCompile>
    <ClCompile Include="UserDef\EchoServer.cpp">
      <Filter>Source Files</Filter>
    </ClCompile>
    <ClCompile Include="UserDef\EchoSession.cpp">
      <Filter>Source Files</Filter>
    </ClCompile>
    <ClCompile Include="Util\StringUtil.cpp">
      <Filter>Source Files</Filter>
    </ClCompile>
  </ItemGroup>
  <ItemGroup>
    <ClInclude Include="Util\NetUtil.h">
      <Filter>Header Files</Filter>
    </ClInclude>
    <ClInclude Include="Core\Socket.h">
      <Filter>Header Files</Filter>
    </ClInclude>
    <ClInclude Include="Util\win32def.h">
      <Filter>Header Files</Filter>
    </ClInclude>
    <ClInclude Include="Util\TypeDef.h">
      <Filter>Header Files</Filter>
    </ClInclude>
    <ClInclude Include="Util\Log.h">
      <Filter>Header Files</Filter>
    </ClInclude>
    <ClInclude Include="Core\TcpClient.h">
      <Filter>Header Files</Filter>
    </ClInclude>
    <ClInclude Include="Core\Buffer.h">
      <Filter>Header Files</Filter>
    </ClInclude>
    <ClInclude Include="Core\Endian.h">
      <Filter>Header Files</Filter>
    </ClInclude>
    <ClInclude Include="Event\EpollModule.h">
      <Filter>Header Files</Filter>
    </ClInclude>
    <ClInclude Include="Event\EventModule.h">
      <Filter>Header Files</Filter>
    </ClInclude>
    <ClInclude Include="Util\Misc.h">
      <Filter>Header Files</Filter>
    </ClInclude>
    <ClInclude Include="Util\cfg_reader.h">
      <Filter>Header Files</Filter>
    </ClInclude>
    <ClInclude Include="Util\Config.h">
      <Filter>Header Files</Filter>
    </ClInclude>
    <ClInclude Include="Core\GlobalVal.h">
      <Filter>Header Files</Filter>
    </ClInclude>
    <ClInclude Include="Event\IocpModule.h">
      <Filter>Header Files</Filter>
    </ClInclude>
    <ClInclude Include="Event\Channel.h">
      <Filter>Header Files</Filter>
    </ClInclude>
    <ClInclude Include="Event\EventLoop.h">
      <Filter>Header Files</Filter>
    </ClInclude>
    <ClInclude Include="Common\Platform.h">
      <Filter>Header Files</Filter>
    </ClInclude>
    <ClInclude Include="Common\Singleton.h">
      <Filter>Header Files</Filter>
    </ClInclude>
    <ClInclude Include="Core\Listener.h">
      <Filter>Header Files</Filter>
    </ClInclude>
    <ClInclude Include="Core\TcpConnection.h">
      <Filter>Header Files</Filter>
    </ClInclude>
    <ClInclude Include="Core\TcpServer.h">
      <Filter>Header Files</Filter>
    </ClInclude>
    <ClInclude Include="Core\CallBackTypeDef.h">
      <Filter>Header Files</Filter>
    </ClInclude>
    <ClInclude Include="Core\TcpSession.h">
      <Filter>Header Files</Filter>
    </ClInclude>
    <ClInclude Include="UserDef\EchoServer.h">
      <Filter>Header Files</Filter>
    </ClInclude>
    <ClInclude Include="UserDef\EchoSession.h">
      <Filter>Header Files</Filter>
    </ClInclude>
    <ClInclude Include="Util\StringUtil.h">
      <Filter>Header Files</Filter>
    </ClInclude>
  </ItemGroup>
</Project>